
Microsoft Visual Studio Solution File, Format Version 12.00
# Visual Studio Version 17
VisualStudioVersion = 17.5.002.0
MinimumVisualStudioVersion = 10.0.40219.1
Project("{9A19103F-16F7-4668-BE54-9A1E7A4F7556}") = "AvaloniaApplication1", "AvaloniaApplication1.csproj", "{48B808E3-486B-465C-9F17-0199148AE753}"
EndProject
Global
	GlobalSection(SolutionConfigurationPlatforms) = preSolution
		Debug|Any CPU = Debug|Any CPU
		Release|Any CPU = Release|Any CPU
	EndGlobalSection
	GlobalSection(ProjectConfigurationPlatforms) = postSolution
		{48B808E3-486B-465C-9F17-0199148AE753}.Debug|Any CPU.ActiveCfg = Debug|Any CPU
		{48B808E3-486B-465C-9F17-0199148AE753}.Debug|Any CPU.Build.0 = Debug|Any CPU
		{48B808E3-486B-465C-9F17-0199148AE753}.Release|Any CPU.ActiveCfg = Release|Any CPU
		{48B808E3-486B-465C-9F17-0199148AE753}.Release|Any CPU.Build.0 = Release|Any CPU
	EndGlobalSection
	GlobalSection(SolutionProperties) = preSolution
		HideSolutionNode = FALSE
	EndGlobalSection
	GlobalSection(ExtensibilityGlobals) = postSolution
		SolutionGuid = {5694496C-9BB7-40B9-B27B-E92BD0813FFB}
	EndGlobalSection
EndGlobal
